
Microsoft Visual Studio Solution File, Format Version 12.00
# Visual Studio Version 16
VisualStudioVersion = 16.0.30907.101
MinimumVisualStudioVersion = 10.0.40219.1
Project("{9A19103F-16F7-4668-BE54-9A1E7A4F7556}") = "PaymentsGateway", "src\PaymentsGateway\PaymentsGateway.csproj", "{51057F4B-B7BB-4055-AB66-8811895EE29F}"
EndProject
Project("{9A19103F-16F7-4668-BE54-9A1E7A4F7556}") = "PaymentsGateway.UnitTests", "tests\PaymentsGateway.UnitTests\PaymentsGateway.UnitTests.csproj", "{9860AD2E-672D-4E25-B643-60C914835F85}"
EndProject
Project("{9A19103F-16F7-4668-BE54-9A1E7A4F7556}") = "PaymentsAPI", "src\PaymentsAPI\PaymentsAPI.csproj", "{B4368E65-F3D4-4C7B-968B-F156729D8B99}"
EndProject
Project("{9A19103F-16F7-4668-BE54-9A1E7A4F7556}") = "PaymentsAPI.UnitTests", "tests\PaymentsAPI.UnitTests\PaymentsAPI.UnitTests.csproj", "{5C010C22-6037-4546-91C2-BCECBB0E59C5}"
EndProject
Project("{E53339B2-1760-4266-BCC7-CA923CBCF16C}") = "docker-compose", "docker-compose.dcproj", "{C4D84CDB-B52F-42B8-A337-D0FD87F19E83}"
EndProject
Global
	GlobalSection(SolutionConfigurationPlatforms) = preSolution
		Debug|Any CPU = Debug|Any CPU
		Release|Any CPU = Release|Any CPU
	EndGlobalSection
	GlobalSection(ProjectConfigurationPlatforms) = postSolution
		{51057F4B-B7BB-4055-AB66-8811895EE29F}.Debug|Any CPU.ActiveCfg = Debug|Any CPU
		{51057F4B-B7BB-4055-AB66-8811895EE29F}.Debug|Any CPU.Build.0 = Debug|Any CPU
		{51057F4B-B7BB-4055-AB66-8811895EE29F}.Release|Any CPU.ActiveCfg = Release|Any CPU
		{51057F4B-B7BB-4055-AB66-8811895EE29F}.Release|Any CPU.Build.0 = Release|Any CPU
		{9860AD2E-672D-4E25-B643-60C914835F85}.Debug|Any CPU.ActiveCfg = Debug|Any CPU
		{9860AD2E-672D-4E25-B643-60C914835F85}.Debug|Any CPU.Build.0 = Debug|Any CPU
		{9860AD2E-672D-4E25-B643-60C914835F85}.Release|Any CPU.ActiveCfg = Release|Any CPU
		{9860AD2E-672D-4E25-B643-60C914835F85}.Release|Any CPU.Build.0 = Release|Any CPU
		{B4368E65-F3D4-4C7B-968B-F156729D8B99}.Debug|Any CPU.ActiveCfg = Debug|Any CPU
		{B4368E65-F3D4-4C7B-968B-F156729D8B99}.Debug|Any CPU.Build.0 = Debug|Any CPU
		{B4368E65-F3D4-4C7B-968B-F156729D8B99}.Release|Any CPU.ActiveCfg = Release|Any CPU
		{B4368E65-F3D4-4C7B-968B-F156729D8B99}.Release|Any CPU.Build.0 = Release|Any CPU
		{5C010C22-6037-4546-91C2-BCECBB0E59C5}.Debug|Any CPU.ActiveCfg = Debug|Any CPU
		{5C010C22-6037-4546-91C2-BCECBB0E59C5}.Debug|Any CPU.Build.0 = Debug|Any CPU
		{5C010C22-6037-4546-91C2-BCECBB0E59C5}.Release|Any CPU.ActiveCfg = Release|Any CPU
		{5C010C22-6037-4546-91C2-BCECBB0E59C5}.Release|Any CPU.Build.0 = Release|Any CPU
		{C4D84CDB-B52F-42B8-A337-D0FD87F19E83}.Debug|Any CPU.ActiveCfg = Debug|Any CPU
		{C4D84CDB-B52F-42B8-A337-D0FD87F19E83}.Debug|Any CPU.Build.0 = Debug|Any CPU
		{C4D84CDB-B52F-42B8-A337-D0FD87F19E83}.Release|Any CPU.ActiveCfg = Release|Any CPU
		{C4D84CDB-B52F-42B8-A337-D0FD87F19E83}.Release|Any CPU.Build.0 = Release|Any CPU
	EndGlobalSection
	GlobalSection(SolutionProperties) = preSolution
		HideSolutionNode = FALSE
	EndGlobalSection
	GlobalSection(ExtensibilityGlobals) = postSolution
		SolutionGuid = {B6F42E1B-60FE-43C5-877B-986DBCEDDEFB}
	EndGlobalSection
EndGlobal
